
Microsoft Visual Studio Solution File, Format Version 12.00
# Visual Studio Version 16
VisualStudioVersion = 16.0.33328.57
MinimumVisualStudioVersion = 10.0.40219.1
Project("{FAE04EC0-301F-11D3-BF4B-00C04F79EFBC}") = "WindowsFormsApp7", "WindowsFormsApp7\WindowsFormsApp7.csproj", "{5CA80663-D5FA-4B84-9583-777F425FA762}"
EndProject
Global
	GlobalSection(SolutionConfigurationPlatforms) = preSolution
		Debug|Any CPU = Debug|Any CPU
		Release|Any CPU = Release|Any CPU
	EndGlobalSection
	GlobalSection(ProjectConfigurationPlatforms) = postSolution
		{5CA80663-D5FA-4B84-9583-777F425FA762}.Debug|Any CPU.ActiveCfg = Debug|Any CPU
		{5CA80663-D5FA-4B84-9583-777F425FA762}.Debug|Any CPU.Build.0 = Debug|Any CPU
		{5CA80663-D5FA-4B84-9583-777F425FA762}.Release|Any CPU.ActiveCfg = Release|Any CPU
		{5CA80663-D5FA-4B84-9583-777F425FA762}.Release|Any CPU.Build.0 = Release|Any CPU
	EndGlobalSection
	GlobalSection(SolutionProperties) = preSolution
		HideSolutionNode = FALSE
	EndGlobalSection
	GlobalSection(ExtensibilityGlobals) = postSolution
		SolutionGuid = {069AF473-4105-41A6-AC59-20AE1A09ED44}
	EndGlobalSection
EndGlobal
